// !$*UTF8*$!
{
	archiveVersion = 1;
	classes = {
	};
	objectVersion = 51;
	objects = {

/* Begin PBXBuildFile section */
		04D70A132547B63A001F72F4 /* CommentViewController.swift in Sources */ = {isa = PBXBuildFile; fileRef = 04D70A122547B63A001F72F4 /* CommentViewController.swift */; };
		04F11C972545705700559116 /* AppDelegate.swift in Sources */ = {isa = PBXBuildFile; fileRef = 04F11C962545705700559116 /* AppDelegate.swift */; };
		04F11C992545705700559116 /* SceneDelegate.swift in Sources */ = {isa = PBXBuildFile; fileRef = 04F11C982545705700559116 /* SceneDelegate.swift */; };
		04F11C9E2545705700559116 /* Main.storyboard in Resources */ = {isa = PBXBuildFile; fileRef = 04F11C9C2545705700559116 /* Main.storyboard */; };
		04F11CA02545705D00559116 /* Assets.xcassets in Resources */ = {isa = PBXBuildFile; fileRef = 04F11C9F2545705D00559116 /* Assets.xcassets */; };
		04F11CA32545705D00559116 /* LaunchScreen.storyboard in Resources */ = {isa = PBXBuildFile; fileRef = 04F11CA12545705D00559116 /* LaunchScreen.storyboard */; };
		04F11CAB2545711900559116 /* LoginViewController.swift in Sources */ = {isa = PBXBuildFile; fileRef = 04F11CAA2545711900559116 /* LoginViewController.swift */; };
		04F11CAD2545712E00559116 /* HomeViewController.swift in Sources */ = {isa = PBXBuildFile; fileRef = 04F11CAC2545712E00559116 /* HomeViewController.swift */; };
		04F11CAF2545713D00559116 /* ImageSelectViewController.swift in Sources */ = {isa = PBXBuildFile; fileRef = 04F11CAE2545713D00559116 /* ImageSelectViewController.swift */; };
		04F11CB12545715900559116 /* PostViewController.swift in Sources */ = {isa = PBXBuildFile; fileRef = 04F11CB02545715900559116 /* PostViewController.swift */; };
		04F11CB32545719500559116 /* SettingViewController.swift in Sources */ = {isa = PBXBuildFile; fileRef = 04F11CB22545719500559116 /* SettingViewController.swift */; };
		04F11CB52545778600559116 /* TabBarController.swift in Sources */ = {isa = PBXBuildFile; fileRef = 04F11CB42545778600559116 /* TabBarController.swift */; };
		04F11CB72545902B00559116 /* GoogleService-Info.plist in Resources */ = {isa = PBXBuildFile; fileRef = 04F11CB62545902B00559116 /* GoogleService-Info.plist */; };
		04F11CB92545A4EE00559116 /* Const.swift in Sources */ = {isa = PBXBuildFile; fileRef = 04F11CB82545A4EE00559116 /* Const.swift */; };
		04F11CBB2545A70E00559116 /* PostData.swift in Sources */ = {isa = PBXBuildFile; fileRef = 04F11CBA2545A70E00559116 /* PostData.swift */; };
		04F11CBE2545A75900559116 /* PostTableViewCell.swift in Sources */ = {isa = PBXBuildFile; fileRef = 04F11CBC2545A75900559116 /* PostTableViewCell.swift */; };
		04F11CBF2545A75900559116 /* PostTableViewCell.xib in Resources */ = {isa = PBXBuildFile; fileRef = 04F11CBD2545A75900559116 /* PostTableViewCell.xib */; };
		4D49AD66CB952E075A8C50E6 /* Pods_Instagram.framework in Frameworks */ = {isa = PBXBuildFile; fileRef = 95D401CD530FEC2CE76EB493 /* Pods_Instagram.framework */; };
/* End PBXBuildFile section */

/* Begin PBXFileReference section */
		04D70A122547B63A001F72F4 /* CommentViewController.swift */ = {isa = PBXFileReference; lastKnownFileType = sourcecode.swift; path = CommentViewController.swift; sourceTree = "<group>"; };
		04F11C932545705700559116 /* Instagram.app */ = {isa = PBXFileReference; explicitFileType = wrapper.application; includeInIndex = 0; path = Instagram.app; sourceTree = BUILT_PRODUCTS_DIR; };
		04F11C962545705700559116 /* AppDelegate.swift */ = {isa = PBXFileReference; lastKnownFileType = sourcecode.swift; path = AppDelegate.swift; sourceTree = "<group>"; };
		04F11C982545705700559116 /* SceneDelegate.swift */ = {isa = PBXFileReference; lastKnownFileType = sourcecode.swift; path = SceneDelegate.swift; sourceTree = "<group>"; };
		04F11C9D2545705700559116 /* Base */ = {isa = PBXFileReference; lastKnownFileType = file.storyboard; name = Base; path = Base.lproj/Main.storyboard; sourceTree = "<group>"; };
		04F11C9F2545705D00559116 /* Assets.xcassets */ = {isa = PBXFileReference; lastKnownFileType = folder.assetcatalog; path = Assets.xcassets; sourceTree = "<group>"; };
		04F11CA22545705D00559116 /* Base */ = {isa = PBXFileReference; lastKnownFileType = file.storyboard; name = Base; path = Base.lproj/LaunchScreen.storyboard; sourceTree = "<group>"; };
		04F11CA42545705D00559116 /* Info.plist */ = {isa = PBXFileReference; lastKnownFileType = text.plist.xml; path = Info.plist; sourceTree = "<group>"; };
		04F11CAA2545711900559116 /* LoginViewController.swift */ = {isa = PBXFileReference; lastKnownFileType = sourcecode.swift; path = LoginViewController.swift; sourceTree = "<group>"; };
		04F11CAC2545712E00559116 /* HomeViewController.swift */ = {isa = PBXFileReference; lastKnownFileType = sourcecode.swift; path = HomeViewController.swift; sourceTree = "<group>"; };
		04F11CAE2545713D00559116 /* ImageSelectViewController.swift */ = {isa = PBXFileReference; lastKnownFileType = sourcecode.swift; path = ImageSelectViewController.swift; sourceTree = "<group>"; };
		04F11CB02545715900559116 /* PostViewController.swift */ = {isa = PBXFileReference; lastKnownFileType = sourcecode.swift; path = PostViewController.swift; sourceTree = "<group>"; };
		04F11CB22545719500559116 /* SettingViewController.swift */ = {isa = PBXFileReference; lastKnownFileType = sourcecode.swift; path = SettingViewController.swift; sourceTree = "<group>"; };
		04F11CB42545778600559116 /* TabBarController.swift */ = {isa = PBXFileReference; lastKnownFileType = sourcecode.swift; path = TabBarController.swift; sourceTree = "<group>"; };
		04F11CB62545902B00559116 /* GoogleService-Info.plist */ = {isa = PBXFileReference; fileEncoding = 4; lastKnownFileType = text.plist.xml; path = "GoogleService-Info.plist"; sourceTree = "<group>"; };
		04F11CB82545A4EE00559116 /* Const.swift */ = {isa = PBXFileReference; lastKnownFileType = sourcecode.swift; path = Const.swift; sourceTree = "<group>"; };
		04F11CBA2545A70E00559116 /* PostData.swift */ = {isa = PBXFileReference; lastKnownFileType = sourcecode.swift; path = PostData.swift; sourceTree = "<group>"; };
		04F11CBC2545A75900559116 /* PostTableViewCell.swift */ = {isa = PBXFileReference; lastKnownFileType = sourcecode.swift; path = PostTableViewCell.swift; sourceTree = "<group>"; };
		04F11CBD2545A75900559116 /* PostTableViewCell.xib */ = {isa = PBXFileReference; lastKnownFileType = file.xib; path = PostTableViewCell.xib; sourceTree = "<group>"; };
		616E01BD723A4AF79EA187CC /* Pods-Instagram.debug.xcconfig */ = {isa = PBXFileReference; includeInIndex = 1; lastKnownFileType = text.xcconfig; name = "Pods-Instagram.debug.xcconfig"; path = "Target Support Files/Pods-Instagram/Pods-Instagram.debug.xcconfig"; sourceTree = "<group>"; };
		95D401CD530FEC2CE76EB493 /* Pods_Instagram.framework */ = {isa = PBXFileReference; explicitFileType = wrapper.framework; includeInIndex = 0; path = Pods_Instagram.framework; sourceTree = BUILT_PRODUCTS_DIR; };
		AECC12A60B9A74E89A8EB73A /* Pods-Instagram.release.xcconfig */ = {isa = PBXFileReference; includeInIndex = 1; lastKnownFileType = text.xcconfig; name = "Pods-Instagram.release.xcconfig"; path = "Target Support Files/Pods-Instagram/Pods-Instagram.release.xcconfig"; sourceTree = "<group>"; };
/* End PBXFileReference section */

/* Begin PBXFrameworksBuildPhase section */
		04F11C902545705700559116 /* Frameworks */ = {
			isa = PBXFrameworksBuildPhase;
			buildActionMask = 2147483647;
			files = (
				4D49AD66CB952E075A8C50E6 /* Pods_Instagram.framework in Frameworks */,
			);
			runOnlyForDeploymentPostprocessing = 0;
		};
/* End PBXFrameworksBuildPhase section */

/* Begin PBXGroup section */
		04F11C8A2545705700559116 = {
			isa = PBXGroup;
			children = (
				04F11C952545705700559116 /* Instagram */,
				04F11C942545705700559116 /* Products */,
				238029A103652AF6F932288C /* Pods */,
				C382CDBB845E22B7E66AC738 /* Frameworks */,
			);
			sourceTree = "<group>";
		};
		04F11C942545705700559116 /* Products */ = {
			isa = PBXGroup;
			children = (
				04F11C932545705700559116 /* Instagram.app */,
			);
			name = Products;
			sourceTree = "<group>";
		};
		04F11C952545705700559116 /* Instagram */ = {
			isa = PBXGroup;
			children = (
				04F11C962545705700559116 /* AppDelegate.swift */,
				04F11C982545705700559116 /* SceneDelegate.swift */,
				04F11CAA2545711900559116 /* LoginViewController.swift */,
				04F11CAC2545712E00559116 /* HomeViewController.swift */,
				04F11CAE2545713D00559116 /* ImageSelectViewController.swift */,
				04F11CB02545715900559116 /* PostViewController.swift */,
				04F11CB22545719500559116 /* SettingViewController.swift */,
				04F11CB42545778600559116 /* TabBarController.swift */,
				04D70A122547B63A001F72F4 /* CommentViewController.swift */,
				04F11CB82545A4EE00559116 /* Const.swift */,
				04F11CBA2545A70E00559116 /* PostData.swift */,
				04F11CBC2545A75900559116 /* PostTableViewCell.swift */,
				04F11CBD2545A75900559116 /* PostTableViewCell.xib */,
				04F11C9C2545705700559116 /* Main.storyboard */,
				04F11C9F2545705D00559116 /* Assets.xcassets */,
				04F11CA12545705D00559116 /* LaunchScreen.storyboard */,
				04F11CA42545705D00559116 /* Info.plist */,
				04F11CB62545902B00559116 /* GoogleService-Info.plist */,
			);
			path = Instagram;
			sourceTree = "<group>";
		};
		238029A103652AF6F932288C /* Pods */ = {
			isa = PBXGroup;
			children = (
				616E01BD723A4AF79EA187CC /* Pods-Instagram.debug.xcconfig */,
				AECC12A60B9A74E89A8EB73A /* Pods-Instagram.release.xcconfig */,
			);
			path = Pods;
			sourceTree = "<group>";
		};
		C382CDBB845E22B7E66AC738 /* Frameworks */ = {
			isa = PBXGroup;
			children = (
				95D401CD530FEC2CE76EB493 /* Pods_Instagram.framework */,
			);
			name = Frameworks;
			sourceTree = "<group>";
		};
/* End PBXGroup section */

/* Begin PBXNativeTarget section */
		04F11C922545705700559116 /* Instagram */ = {
			isa = PBXNativeTarget;
			buildConfigurationList = 04F11CA72545705D00559116 /* Build configuration list for PBXNativeTarget "Instagram" */;
			buildPhases = (
				BD949BF7B7517204B824F6EA /* [CP] Check Pods Manifest.lock */,
				04F11C8F2545705700559116 /* Sources */,
				04F11C902545705700559116 /* Frameworks */,
				04F11C912545705700559116 /* Resources */,
				A79DC0359B53EA34243EE377 /* [CP] Embed Pods Frameworks */,
			);
			buildRules = (
			);
			dependencies = (
			);
			name = Instagram;
			productName = Instagram;
			productReference = 04F11C932545705700559116 /* Instagram.app */;
			productType = "com.apple.product-type.application";
		};
/* End PBXNativeTarget section */

/* Begin PBXProject section */
		04F11C8B2545705700559116 /* Project object */ = {
			isa = PBXProject;
			attributes = {
				LastSwiftUpdateCheck = 1150;
				LastUpgradeCheck = 1150;
				ORGANIZATIONNAME = 03pink12;
				TargetAttributes = {
					04F11C922545705700559116 = {
						CreatedOnToolsVersion = 11.5;
					};
				};
			};
			buildConfigurationList = 04F11C8E2545705700559116 /* Build configuration list for PBXProject "Instagram" */;
			compatibilityVersion = "Xcode 9.3";
			developmentRegion = en;
			hasScannedForEncodings = 0;
			knownRegions = (
				en,
				Base,
			);
			mainGroup = 04F11C8A2545705700559116;
			productRefGroup = 04F11C942545705700559116 /* Products */;
			projectDirPath = "";
			projectRoot = "";
			targets = (
				04F11C922545705700559116 /* Instagram */,
			);
		};
/* End PBXProject section */

/* Begin PBXResourcesBuildPhase section */
		04F11C912545705700559116 /* Resources */ = {
			isa = PBXResourcesBuildPhase;
			buildActionMask = 2147483647;
			files = (
				04F11CA32545705D00559116 /* LaunchScreen.storyboard in Resources */,
				04F11CBF2545A75900559116 /* PostTableViewCell.xib in Resources */,
				04F11CB72545902B00559116 /* GoogleService-Info.plist in Resources */,
				04F11CA02545705D00559116 /* Assets.xcassets in Resources */,
				04F11C9E2545705700559116 /* Main.storyboard in Resources */,
			);
			runOnlyForDeploymentPostprocessing = 0;
		};
/* End PBXResourcesBuildPhase section */

/* Begin PBXShellScriptBuildPhase section */
		A79DC0359B53EA34243EE377 /* [CP] Embed Pods Frameworks */ = {
			isa = PBXShellScriptBuildPhase;
			buildActionMask = 2147483647;
			files = (
			);
			inputFileListPaths = (
				"${PODS_ROOT}/Target Support Files/Pods-Instagram/Pods-Instagram-frameworks-${CONFIGURATION}-input-files.xcfilelist",
			);
			name = "[CP] Embed Pods Frameworks";
			outputFileListPaths = (
				"${PODS_ROOT}/Target Support Files/Pods-Instagram/Pods-Instagram-frameworks-${CONFIGURATION}-output-files.xcfilelist",
			);
			runOnlyForDeploymentPostprocessing = 0;
			shellPath = /bin/sh;
			shellScript = "\"${PODS_ROOT}/Target Support Files/Pods-Instagram/Pods-Instagram-frameworks.sh\"\n";
			showEnvVarsInLog = 0;
		};
		BD949BF7B7517204B824F6EA /* [CP] Check Pods Manifest.lock */ = {
			isa = PBXShellScriptBuildPhase;
			buildActionMask = 2147483647;
			files = (
			);
			inputFileListPaths = (
			);
			inputPaths = (
				"${PODS_PODFILE_DIR_PATH}/Podfile.lock",
				"${PODS_ROOT}/Manifest.lock",
			);
			name = "[CP] Check Pods Manifest.lock";
			outputFileListPaths = (
			);
			outputPaths = (
				"$(DERIVED_FILE_DIR)/Pods-Instagram-checkManifestLockResult.txt",
			);
			runOnlyForDeploymentPostprocessing = 0;
			shellPath = /bin/sh;
			shellScript = "diff \"${PODS_PODFILE_DIR_PATH}/Podfile.lock\" \"${PODS_ROOT}/Manifest.lock\" > /dev/null\nif [ $? != 0 ] ; then\n    # print error to STDERR\n    echo \"error: The sandbox is not in sync with the Podfile.lock. Run 'pod install' or update your CocoaPods installation.\" >&2\n    exit 1\nfi\n# This output is used by Xcode 'outputs' to avoid re-running this script phase.\necho \"SUCCESS\" > \"${SCRIPT_OUTPUT_FILE_0}\"\n";
			showEnvVarsInLog = 0;
		};
/* End PBXShellScriptBuildPhase section */

/* Begin PBXSourcesBuildPhase section */
		04F11C8F2545705700559116 /* Sources */ = {
			isa = PBXSourcesBuildPhase;
			buildActionMask = 2147483647;
			files = (
				04F11CBE2545A75900559116 /* PostTableViewCell.swift in Sources */,
				04F11CAF2545713D00559116 /* ImageSelectViewController.swift in Sources */,
				04F11CB52545778600559116 /* TabBarController.swift in Sources */,
				04F11CAD2545712E00559116 /* HomeViewController.swift in Sources */,
				04F11CB12545715900559116 /* PostViewController.swift in Sources */,
				04F11CB32545719500559116 /* SettingViewController.swift in Sources */,
				04F11CBB2545A70E00559116 /* PostData.swift in Sources */,
				04F11CAB2545711900559116 /* LoginViewController.swift in Sources */,
				04D70A132547B63A001F72F4 /* CommentViewController.swift in Sources */,
				04F11C972545705700559116 /* AppDelegate.swift in Sources */,
				04F11C992545705700559116 /* SceneDelegate.swift in Sources */,
				04F11CB92545A4EE00559116 /* Const.swift in Sources */,
			);
			runOnlyForDeploymentPostprocessing = 0;
		};
/* End PBXSourcesBuildPhase section */

/* Begin PBXVariantGroup section */
		04F11C9C2545705700559116 /* Main.storyboard */ = {
			isa = PBXVariantGroup;
			children = (
				04F11C9D2545705700559116 /* Base */,
			);
			name = Main.storyboard;
			sourceTree = "<group>";
		};
		04F11CA12545705D00559116 /* LaunchScreen.storyboard */ = {
			isa = PBXVariantGroup;
			children = (
				04F11CA22545705D00559116 /* Base */,
			);
			name = LaunchScreen.storyboard;
			sourceTree = "<group>";
		};
/* End PBXVariantGroup section */

/* Begin XCBuildConfiguration section */
		04F11CA52545705D00559116 /* Debug */ = {
			isa = XCBuildConfiguration;
			buildSettings = {
				ALWAYS_SEARCH_USER_PATHS = NO;
				CLANG_ANALYZER_NONNULL = YES;
				CLANG_ANALYZER_NUMBER_OBJECT_CONVERSION = YES_AGGRESSIVE;
				CLANG_CXX_LANGUAGE_STANDARD = "gnu++14";
				CLANG_CXX_LIBRARY = "libc++";
				CLANG_ENABLE_MODULES = YES;
				CLANG_ENABLE_OBJC_ARC = YES;
				CLANG_ENABLE_OBJC_WEAK = YES;
				CLANG_WARN_BLOCK_CAPTURE_AUTORELEASING = YES;
				CLANG_WARN_BOOL_CONVERSION = YES;
				CLANG_WARN_COMMA = YES;
				CLANG_WARN_CONSTANT_CONVERSION = YES;
				CLANG_WARN_DEPRECATED_OBJC_IMPLEMENTATIONS = YES;
				CLANG_WARN_DIRECT_OBJC_ISA_USAGE = YES_ERROR;
				CLANG_WARN_DOCUMENTATION_COMMENTS = YES;
				CLANG_WARN_EMPTY_BODY = YES;
				CLANG_WARN_ENUM_CONVERSION = YES;
				CLANG_WARN_INFINITE_RECURSION = YES;
				CLANG_WARN_INT_CONVERSION = YES;
				CLANG_WARN_NON_LITERAL_NULL_CONVERSION = YES;
				CLANG_WARN_OBJC_IMPLICIT_RETAIN_SELF = YES;
				CLANG_WARN_OBJC_LITERAL_CONVERSION = YES;
				CLANG_WARN_OBJC_ROOT_CLASS = YES_ERROR;
				CLANG_WARN_RANGE_LOOP_ANALYSIS = YES;
				CLANG_WARN_STRICT_PROTOTYPES = YES;
				CLANG_WARN_SUSPICIOUS_MOVE = YES;
				CLANG_WARN_UNGUARDED_AVAILABILITY = YES_AGGRESSIVE;
				CLANG_WARN_UNREACHABLE_CODE = YES;
				CLANG_WARN__DUPLICATE_METHOD_MATCH = YES;
				COPY_PHASE_STRIP = NO;
				DEBUG_INFORMATION_FORMAT = dwarf;
				ENABLE_STRICT_OBJC_MSGSEND = YES;
				ENABLE_TESTABILITY = YES;
				GCC_C_LANGUAGE_STANDARD = gnu11;
				GCC_DYNAMIC_NO_PIC = NO;
				GCC_NO_COMMON_BLOCKS = YES;
				GCC_OPTIMIZATION_LEVEL = 0;
				GCC_PREPROCESSOR_DEFINITIONS = (
					"DEBUG=1",
					"$(inherited)",
				);
				GCC_WARN_64_TO_32_BIT_CONVERSION = YES;
				GCC_WARN_ABOUT_RETURN_TYPE = YES_ERROR;
				GCC_WARN_UNDECLARED_SELECTOR = YES;
				GCC_WARN_UNINITIALIZED_AUTOS = YES_AGGRESSIVE;
				GCC_WARN_UNUSED_FUNCTION = YES;
				GCC_WARN_UNUSED_VARIABLE = YES;
				IPHONEOS_DEPLOYMENT_TARGET = 13.5;
				MTL_ENABLE_DEBUG_INFO = INCLUDE_SOURCE;
				MTL_FAST_MATH = YES;
				ONLY_ACTIVE_ARCH = YES;
				SDKROOT = iphoneos;
				SWIFT_ACTIVE_COMPILATION_CONDITIONS = DEBUG;
				SWIFT_OPTIMIZATION_LEVEL = "-Onone";
			};
			name = Debug;
		};
		04F11CA62545705D00559116 /* Release */ = {
			isa = XCBuildConfiguration;
			buildSettings = {
				ALWAYS_SEARCH_USER_PATHS = NO;
				CLANG_ANALYZER_NONNULL = YES;
				CLANG_ANALYZER_NUMBER_OBJECT_CONVERSION = YES_AGGRESSIVE;
				CLANG_CXX_LANGUAGE_STANDARD = "gnu++14";
				CLANG_CXX_LIBRARY = "libc++";
				CLANG_ENABLE_MODULES = YES;
				CLANG_ENABLE_OBJC_ARC = YES;
				CLANG_ENABLE_OBJC_WEAK = YES;
				CLANG_WARN_BLOCK_CAPTURE_AUTORELEASING = YES;
				CLANG_WARN_BOOL_CONVERSION = YES;
				CLANG_WARN_COMMA = YES;
				CLANG_WARN_CONSTANT_CONVERSION = YES;
				CLANG_WARN_DEPRECATED_OBJC_IMPLEMENTATIONS = YES;
				CLANG_WARN_DIRECT_OBJC_ISA_USAGE = YES_ERROR;
				CLANG_WARN_DOCUMENTATION_COMMENTS = YES;
				CLANG_WARN_EMPTY_BODY = YES;
				CLANG_WARN_ENUM_CONVERSION = YES;
				CLANG_WARN_INFINITE_RECURSION = YES;
				CLANG_WARN_INT_CONVERSION = YES;
				CLANG_WARN_NON_LITERAL_NULL_CONVERSION = YES;
				CLANG_WARN_OBJC_IMPLICIT_RETAIN_SELF = YES;
				CLANG_WARN_OBJC_LITERAL_CONVERSION = YES;
				CLANG_WARN_OBJC_ROOT_CLASS = YES_ERROR;
				CLANG_WARN_RANGE_LOOP_ANALYSIS = YES;
				CLANG_WARN_STRICT_PROTOTYPES = YES;
				CLANG_WARN_SUSPICIOUS_MOVE = YES;
				CLANG_WARN_UNGUARDED_AVAILABILITY = YES_AGGRESSIVE;
				CLANG_WARN_UNREACHABLE_CODE = YES;
				CLANG_WARN__DUPLICATE_METHOD_MATCH = YES;
				COPY_PHASE_STRIP = NO;
				DEBUG_INFORMATION_FORMAT = "dwarf-with-dsym";
				ENABLE_NS_ASSERTIONS = NO;
				ENABLE_STRICT_OBJC_MSGSEND = YES;
				GCC_C_LANGUAGE_STANDARD = gnu11;
				GCC_NO_COMMON_BLOCKS = YES;
				GCC_WARN_64_TO_32_BIT_CONVERSION = YES;
				GCC_WARN_ABOUT_RETURN_TYPE = YES_ERROR;
				GCC_WARN_UNDECLARED_SELECTOR = YES;
				GCC_WARN_UNINITIALIZED_AUTOS = YES_AGGRESSIVE;
				GCC_WARN_UNUSED_FUNCTION = YES;
				GCC_WARN_UNUSED_VARIABLE = YES;
				IPHONEOS_DEPLOYMENT_TARGET = 13.5;
				MTL_ENABLE_DEBUG_INFO = NO;
				MTL_FAST_MATH = YES;
				SDKROOT = iphoneos;
				SWIFT_COMPILATION_MODE = wholemodule;
				SWIFT_OPTIMIZATION_LEVEL = "-O";
				VALIDATE_PRODUCT = YES;
			};
			name = Release;
		};
		04F11CA82545705D00559116 /* Debug */ = {
			isa = XCBuildConfiguration;
			baseConfigurationReference = 616E01BD723A4AF79EA187CC /* Pods-Instagram.debug.xcconfig */;
			buildSettings = {
				ASSETCATALOG_COMPILER_APPICON_NAME = AppIcon;
				CODE_SIGN_STYLE = Automatic;
				DEVELOPMENT_TEAM = 2G7JDC9JG2;
				INFOPLIST_FILE = Instagram/Info.plist;
				LD_RUNPATH_SEARCH_PATHS = (
					"$(inherited)",
					"@executable_path/Frameworks",
				);
				PRODUCT_BUNDLE_IDENTIFIER = jp.techacademy.Momoko.Murata.Instagram;
				PRODUCT_NAME = "$(TARGET_NAME)";
				SWIFT_VERSION = 5.0;
				TARGETED_DEVICE_FAMILY = 1;
			};
			name = Debug;
		};
		04F11CA92545705D00559116 /* Release */ = {
			isa = XCBuildConfiguration;
			baseConfigurationReference = AECC12A60B9A74E89A8EB73A /* Pods-Instagram.release.xcconfig */;
			buildSettings = {
				ASSETCATALOG_COMPILER_APPICON_NAME = AppIcon;
				CODE_SIGN_STYLE = Automatic;
				DEVELOPMENT_TEAM = 2G7JDC9JG2;
				INFOPLIST_FILE = Instagram/Info.plist;
				LD_RUNPATH_SEARCH_PATHS = (
					"$(inherited)",
					"@executable_path/Frameworks",
				);
				PRODUCT_BUNDLE_IDENTIFIER = jp.techacademy.Momoko.Murata.Instagram;
				PRODUCT_NAME = "$(TARGET_NAME)";
				SWIFT_VERSION = 5.0;
				TARGETED_DEVICE_FAMILY = 1;
			};
			name = Release;
		};
/* End XCBuildConfiguration section */

/* Begin XCConfigurationList section */
		04F11C8E2545705700559116 /* Build configuration list for PBXProject "Instagram" */ = {
			isa = XCConfigurationList;
			buildConfigurations = (
				04F11CA52545705D00559116 /* Debug */,
				04F11CA62545705D00559116 /* Release */,
			);
			defaultConfigurationIsVisible = 0;
			defaultConfigurationName = Release;
		};
		04F11CA72545705D00559116 /* Build configuration list for PBXNativeTarget "Instagram" */ = {
			isa = XCConfigurationList;
			buildConfigurations = (
				04F11CA82545705D00559116 /* Debug */,
				04F11CA92545705D00559116 /* Release */,
			);
			defaultConfigurationIsVisible = 0;
			defaultConfigurationName = Release;
		};
/* End XCConfigurationList section */
	};
	rootObject = 04F11C8B2545705700559116 /* Project object */;
}
